
Microsoft Visual Studio Solution File, Format Version 12.00
# Visual Studio 15
VisualStudioVersion = 15.0.27004.2008
MinimumVisualStudioVersion = 10.0.40219.1
Project("{FAE04EC0-301F-11D3-BF4B-00C04F79EFBC}") = "richard", "richard\richard.csproj", "{169115A1-82BD-4047-835E-E860BD41BF51}"
EndProject
Global
	GlobalSection(SolutionConfigurationPlatforms) = preSolution
		Debug|Any CPU = Debug|Any CPU
		Release|Any CPU = Release|Any CPU
	EndGlobalSection
	GlobalSection(ProjectConfigurationPlatforms) = postSolution
		{169115A1-82BD-4047-835E-E860BD41BF51}.Debug|Any CPU.ActiveCfg = Debug|Any CPU
		{169115A1-82BD-4047-835E-E860BD41BF51}.Debug|Any CPU.Build.0 = Debug|Any CPU
		{169115A1-82BD-4047-835E-E860BD41BF51}.Release|Any CPU.ActiveCfg = Release|Any CPU
		{169115A1-82BD-4047-835E-E860BD41BF51}.Release|Any CPU.Build.0 = Release|Any CPU
	EndGlobalSection
	GlobalSection(SolutionProperties) = preSolution
		HideSolutionNode = FALSE
	EndGlobalSection
	GlobalSection(ExtensibilityGlobals) = postSolution
		SolutionGuid = {F3D87A8D-D52B-4D2C-A575-4572CC0C223F}
	EndGlobalSection
EndGlobal
